// !$*UTF8*$!
{
	archiveVersion = 1;
	classes = {
	};
	objectVersion = 46;
	objects = {

/* Begin PBXBuildFile section */
		AE19F71C1DF64FEB00A5A113 /* main.m in Sources */ = {isa = PBXBuildFile; fileRef = AE19F71B1DF64FEB00A5A113 /* main.m */; };
		AE19F71F1DF64FEB00A5A113 /* AppDelegate.m in Sources */ = {isa = PBXBuildFile; fileRef = AE19F71E1DF64FEB00A5A113 /* AppDelegate.m */; };
		AE19F7221DF64FEB00A5A113 /* ViewController.m in Sources */ = {isa = PBXBuildFile; fileRef = AE19F7211DF64FEB00A5A113 /* ViewController.m */; };
		AE19F7251DF64FEB00A5A113 /* Main.storyboard in Resources */ = {isa = PBXBuildFile; fileRef = AE19F7231DF64FEB00A5A113 /* Main.storyboard */; };
		AE19F7271DF64FEB00A5A113 /* Assets.xcassets in Resources */ = {isa = PBXBuildFile; fileRef = AE19F7261DF64FEB00A5A113 /* Assets.xcassets */; };
		AE19F72A1DF64FEB00A5A113 /* LaunchScreen.storyboard in Resources */ = {isa = PBXBuildFile; fileRef = AE19F7281DF64FEB00A5A113 /* LaunchScreen.storyboard */; };
		AE19F7351DF64FEB00A5A113 /* GCD____Tests.m in Sources */ = {isa = PBXBuildFile; fileRef = AE19F7341DF64FEB00A5A113 /* GCD____Tests.m */; };
		AE19F7401DF64FEB00A5A113 /* GCD____UITests.m in Sources */ = {isa = PBXBuildFile; fileRef = AE19F73F1DF64FEB00A5A113 /* GCD____UITests.m */; };
/* End PBXBuildFile section */

/* Begin PBXContainerItemProxy section */
		AE19F7311DF64FEB00A5A113 /* PBXContainerItemProxy */ = {
			isa = PBXContainerItemProxy;
			containerPortal = AE19F70F1DF64FEB00A5A113 /* Project object */;
			proxyType = 1;
			remoteGlobalIDString = AE19F7161DF64FEB00A5A113;
			remoteInfo = "GCD深入理解";
		};
		AE19F73C1DF64FEB00A5A113 /* PBXContainerItemProxy */ = {
			isa = PBXContainerItemProxy;
			containerPortal = AE19F70F1DF64FEB00A5A113 /* Project object */;
			proxyType = 1;
			remoteGlobalIDString = AE19F7161DF64FEB00A5A113;
			remoteInfo = "GCD深入理解";
		};
/* End PBXContainerItemProxy section */

/* Begin PBXFileReference section */
		AE19F7171DF64FEB00A5A113 /* GCD深入理解.app */ = {isa = PBXFileReference; explicitFileType = wrapper.application; includeInIndex = 0; path = "GCD深入理解.app"; sourceTree = BUILT_PRODUCTS_DIR; };
		AE19F71B1DF64FEB00A5A113 /* main.m */ = {isa = PBXFileReference; lastKnownFileType = sourcecode.c.objc; path = main.m; sourceTree = "<group>"; };
		AE19F71D1DF64FEB00A5A113 /* AppDelegate.h */ = {isa = PBXFileReference; lastKnownFileType = sourcecode.c.h; path = AppDelegate.h; sourceTree = "<group>"; };
		AE19F71E1DF64FEB00A5A113 /* AppDelegate.m */ = {isa = PBXFileReference; lastKnownFileType = sourcecode.c.objc; path = AppDelegate.m; sourceTree = "<group>"; };
		AE19F7201DF64FEB00A5A113 /* ViewController.h */ = {isa = PBXFileReference; lastKnownFileType = sourcecode.c.h; path = ViewController.h; sourceTree = "<group>"; };
		AE19F7211DF64FEB00A5A113 /* ViewController.m */ = {isa = PBXFileReference; lastKnownFileType = sourcecode.c.objc; path = ViewController.m; sourceTree = "<group>"; };
		AE19F7241DF64FEB00A5A113 /* Base */ = {isa = PBXFileReference; lastKnownFileType = file.storyboard; name = Base; path = Base.lproj/Main.storyboard; sourceTree = "<group>"; };
		AE19F7261DF64FEB00A5A113 /* Assets.xcassets */ = {isa = PBXFileReference; lastKnownFileType = folder.assetcatalog; path = Assets.xcassets; sourceTree = "<group>"; };
		AE19F7291DF64FEB00A5A113 /* Base */ = {isa = PBXFileReference; lastKnownFileType = file.storyboard; name = Base; path = Base.lproj/LaunchScreen.storyboard; sourceTree = "<group>"; };
		AE19F72B1DF64FEB00A5A113 /* Info.plist */ = {isa = PBXFileReference; lastKnownFileType = text.plist.xml; path = Info.plist; sourceTree = "<group>"; };
		AE19F7301DF64FEB00A5A113 /* GCD深入理解Tests.xctest */ = {isa = PBXFileReference; explicitFileType = wrapper.cfbundle; includeInIndex = 0; path = "GCD深入理解Tests.xctest"; sourceTree = BUILT_PRODUCTS_DIR; };
		AE19F7341DF64FEB00A5A113 /* GCD____Tests.m */ = {isa = PBXFileReference; lastKnownFileType = sourcecode.c.objc; path = "GCD____Tests.m"; sourceTree = "<group>"; };
		AE19F7361DF64FEB00A5A113 /* Info.plist */ = {isa = PBXFileReference; lastKnownFileType = text.plist.xml; path = Info.plist; sourceTree = "<group>"; };
		AE19F73B1DF64FEB00A5A113 /* GCD深入理解UITests.xctest */ = {isa = PBXFileReference; explicitFileType = wrapper.cfbundle; includeInIndex = 0; path = "GCD深入理解UITests.xctest"; sourceTree = BUILT_PRODUCTS_DIR; };
		AE19F73F1DF64FEB00A5A113 /* GCD____UITests.m */ = {isa = PBXFileReference; lastKnownFileType = sourcecode.c.objc; path = "GCD____UITests.m"; sourceTree = "<group>"; };
		AE19F7411DF64FEB00A5A113 /* Info.plist */ = {isa = PBXFileReference; lastKnownFileType = text.plist.xml; path = Info.plist; sourceTree = "<group>"; };
/* End PBXFileReference section */

/* Begin PBXFrameworksBuildPhase section */
		AE19F7141DF64FEB00A5A113 /* Frameworks */ = {
			isa = PBXFrameworksBuildPhase;
			buildActionMask = 2147483647;
			files = (
			);
			runOnlyForDeploymentPostprocessing = 0;
		};
		AE19F72D1DF64FEB00A5A113 /* Frameworks */ = {
			isa = PBXFrameworksBuildPhase;
			buildActionMask = 2147483647;
			files = (
			);
			runOnlyForDeploymentPostprocessing = 0;
		};
		AE19F7381DF64FEB00A5A113 /* Frameworks */ = {
			isa = PBXFrameworksBuildPhase;
			buildActionMask = 2147483647;
			files = (
			);
			runOnlyForDeploymentPostprocessing = 0;
		};
/* End PBXFrameworksBuildPhase section */

/* Begin PBXGroup section */
		AE19F70E1DF64FEB00A5A113 = {
			isa = PBXGroup;
			children = (
				AE19F7191DF64FEB00A5A113 /* GCD深入理解 */,
				AE19F7331DF64FEB00A5A113 /* GCD深入理解Tests */,
				AE19F73E1DF64FEB00A5A113 /* GCD深入理解UITests */,
				AE19F7181DF64FEB00A5A113 /* Products */,
			);
			sourceTree = "<group>";
		};
		AE19F7181DF64FEB00A5A113 /* Products */ = {
			isa = PBXGroup;
			children = (
				AE19F7171DF64FEB00A5A113 /* GCD深入理解.app */,
				AE19F7301DF64FEB00A5A113 /* GCD深入理解Tests.xctest */,
				AE19F73B1DF64FEB00A5A113 /* GCD深入理解UITests.xctest */,
			);
			name = Products;
			sourceTree = "<group>";
		};
		AE19F7191DF64FEB00A5A113 /* GCD深入理解 */ = {
			isa = PBXGroup;
			children = (
				AE19F71D1DF64FEB00A5A113 /* AppDelegate.h */,
				AE19F71E1DF64FEB00A5A113 /* AppDelegate.m */,
				AE19F7201DF64FEB00A5A113 /* ViewController.h */,
				AE19F7211DF64FEB00A5A113 /* ViewController.m */,
				AE19F7231DF64FEB00A5A113 /* Main.storyboard */,
				AE19F7261DF64FEB00A5A113 /* Assets.xcassets */,
				AE19F7281DF64FEB00A5A113 /* LaunchScreen.storyboard */,
				AE19F72B1DF64FEB00A5A113 /* Info.plist */,
				AE19F71A1DF64FEB00A5A113 /* Supporting Files */,
			);
			path = "GCD深入理解";
			sourceTree = "<group>";
		};
		AE19F71A1DF64FEB00A5A113 /* Supporting Files */ = {
			isa = PBXGroup;
			children = (
				AE19F71B1DF64FEB00A5A113 /* main.m */,
			);
			name = "Supporting Files";
			sourceTree = "<group>";
		};
		AE19F7331DF64FEB00A5A113 /* GCD深入理解Tests */ = {
			isa = PBXGroup;
			children = (
				AE19F7341DF64FEB00A5A113 /* GCD____Tests.m */,
				AE19F7361DF64FEB00A5A113 /* Info.plist */,
			);
			path = "GCD深入理解Tests";
			sourceTree = "<group>";
		};
		AE19F73E1DF64FEB00A5A113 /* GCD深入理解UITests */ = {
			isa = PBXGroup;
			children = (
				AE19F73F1DF64FEB00A5A113 /* GCD____UITests.m */,
				AE19F7411DF64FEB00A5A113 /* Info.plist */,
			);
			path = "GCD深入理解UITests";
			sourceTree = "<group>";
		};
/* End PBXGroup section */

/* Begin PBXNativeTarget section */
		AE19F7161DF64FEB00A5A113 /* GCD深入理解 */ = {
			isa = PBXNativeTarget;
			buildConfigurationList = AE19F7441DF64FEB00A5A113 /* Build configuration list for PBXNativeTarget "GCD深入理解" */;
			buildPhases = (
				AE19F7131DF64FEB00A5A113 /* Sources */,
				AE19F7141DF64FEB00A5A113 /* Frameworks */,
				AE19F7151DF64FEB00A5A113 /* Resources */,
			);
			buildRules = (
			);
			dependencies = (
			);
			name = "GCD深入理解";
			productName = "GCD深入理解";
			productReference = AE19F7171DF64FEB00A5A113 /* GCD深入理解.app */;
			productType = "com.apple.product-type.application";
		};
		AE19F72F1DF64FEB00A5A113 /* GCD深入理解Tests */ = {
			isa = PBXNativeTarget;
			buildConfigurationList = AE19F7471DF64FEB00A5A113 /* Build configuration list for PBXNativeTarget "GCD深入理解Tests" */;
			buildPhases = (
				AE19F72C1DF64FEB00A5A113 /* Sources */,
				AE19F72D1DF64FEB00A5A113 /* Frameworks */,
				AE19F72E1DF64FEB00A5A113 /* Resources */,
			);
			buildRules = (
			);
			dependencies = (
				AE19F7321DF64FEB00A5A113 /* PBXTargetDependency */,
			);
			name = "GCD深入理解Tests";
			productName = "GCD深入理解Tests";
			productReference = AE19F7301DF64FEB00A5A113 /* GCD深入理解Tests.xctest */;
			productType = "com.apple.product-type.bundle.unit-test";
		};
		AE19F73A1DF64FEB00A5A113 /* GCD深入理解UITests */ = {
			isa = PBXNativeTarget;
			buildConfigurationList = AE19F74A1DF64FEB00A5A113 /* Build configuration list for PBXNativeTarget "GCD深入理解UITests" */;
			buildPhases = (
				AE19F7371DF64FEB00A5A113 /* Sources */,
				AE19F7381DF64FEB00A5A113 /* Frameworks */,
				AE19F7391DF64FEB00A5A113 /* Resources */,
			);
			buildRules = (
			);
			dependencies = (
				AE19F73D1DF64FEB00A5A113 /* PBXTargetDependency */,
			);
			name = "GCD深入理解UITests";
			productName = "GCD深入理解UITests";
			productReference = AE19F73B1DF64FEB00A5A113 /* GCD深入理解UITests.xctest */;
			productType = "com.apple.product-type.bundle.ui-testing";
		};
/* End PBXNativeTarget section */

/* Begin PBXProject section */
		AE19F70F1DF64FEB00A5A113 /* Project object */ = {
			isa = PBXProject;
			attributes = {
				LastUpgradeCheck = 0810;
				ORGANIZATIONNAME = "上海方创金融信息服务股份有限公司";
				TargetAttributes = {
					AE19F7161DF64FEB00A5A113 = {
						CreatedOnToolsVersion = 8.1;
						DevelopmentTeam = AWA9R9FXT6;
						ProvisioningStyle = Automatic;
					};
					AE19F72F1DF64FEB00A5A113 = {
						CreatedOnToolsVersion = 8.1;
						DevelopmentTeam = AWA9R9FXT6;
						ProvisioningStyle = Automatic;
						TestTargetID = AE19F7161DF64FEB00A5A113;
					};
					AE19F73A1DF64FEB00A5A113 = {
						CreatedOnToolsVersion = 8.1;
						DevelopmentTeam = AWA9R9FXT6;
						ProvisioningStyle = Automatic;
						TestTargetID = AE19F7161DF64FEB00A5A113;
					};
				};
			};
			buildConfigurationList = AE19F7121DF64FEB00A5A113 /* Build configuration list for PBXProject "GCD深入理解" */;
			compatibilityVersion = "Xcode 3.2";
			developmentRegion = English;
			hasScannedForEncodings = 0;
			knownRegions = (
				en,
				Base,
			);
			mainGroup = AE19F70E1DF64FEB00A5A113;
			productRefGroup = AE19F7181DF64FEB00A5A113 /* Products */;
			projectDirPath = "";
			projectRoot = "";
			targets = (
				AE19F7161DF64FEB00A5A113 /* GCD深入理解 */,
				AE19F72F1DF64FEB00A5A113 /* GCD深入理解Tests */,
				AE19F73A1DF64FEB00A5A113 /* GCD深入理解UITests */,
			);
		};
/* End PBXProject section */

/* Begin PBXResourcesBuildPhase section */
		AE19F7151DF64FEB00A5A113 /* Resources */ = {
			isa = PBXResourcesBuildPhase;
			buildActionMask = 2147483647;
			files = (
				AE19F72A1DF64FEB00A5A113 /* LaunchScreen.storyboard in Resources */,
				AE19F7271DF64FEB00A5A113 /* Assets.xcassets in Resources */,
				AE19F7251DF64FEB00A5A113 /* Main.storyboard in Resources */,
			);
			runOnlyForDeploymentPostprocessing = 0;
		};
		AE19F72E1DF64FEB00A5A113 /* Resources */ = {
			isa = PBXResourcesBuildPhase;
			buildActionMask = 2147483647;
			files = (
			);
			runOnlyForDeploymentPostprocessing = 0;
		};
		AE19F7391DF64FEB00A5A113 /* Resources */ = {
			isa = PBXResourcesBuildPhase;
			buildActionMask = 2147483647;
			files = (
			);
			runOnlyForDeploymentPostprocessing = 0;
		};
/* End PBXResourcesBuildPhase section */

/* Begin PBXSourcesBuildPhase section */
		AE19F7131DF64FEB00A5A113 /* Sources */ = {
			isa = PBXSourcesBuildPhase;
			buildActionMask = 2147483647;
			files = (
				AE19F7221DF64FEB00A5A113 /* ViewController.m in Sources */,
				AE19F71F1DF64FEB00A5A113 /* AppDelegate.m in Sources */,
				AE19F71C1DF64FEB00A5A113 /* main.m in Sources */,
			);
			runOnlyForDeploymentPostprocessing = 0;
		};
		AE19F72C1DF64FEB00A5A113 /* Sources */ = {
			isa = PBXSourcesBuildPhase;
			buildActionMask = 2147483647;
			files = (
				AE19F7351DF64FEB00A5A113 /* GCD____Tests.m in Sources */,
			);
			runOnlyForDeploymentPostprocessing = 0;
		};
		AE19F7371DF64FEB00A5A113 /* Sources */ = {
			isa = PBXSourcesBuildPhase;
			buildActionMask = 2147483647;
			files = (
				AE19F7401DF64FEB00A5A113 /* GCD____UITests.m in Sources */,
			);
			runOnlyForDeploymentPostprocessing = 0;
		};
/* End PBXSourcesBuildPhase section */

/* Begin PBXTargetDependency section */
		AE19F7321DF64FEB00A5A113 /* PBXTargetDependency */ = {
			isa = PBXTargetDependency;
			target = AE19F7161DF64FEB00A5A113 /* GCD深入理解 */;
			targetProxy = AE19F7311DF64FEB00A5A113 /* PBXContainerItemProxy */;
		};
		AE19F73D1DF64FEB00A5A113 /* PBXTargetDependency */ = {
			isa = PBXTargetDependency;
			target = AE19F7161DF64FEB00A5A113 /* GCD深入理解 */;
			targetProxy = AE19F73C1DF64FEB00A5A113 /* PBXContainerItemProxy */;
		};
/* End PBXTargetDependency section */

/* Begin PBXVariantGroup section */
		AE19F7231DF64FEB00A5A113 /* Main.storyboard */ = {
			isa = PBXVariantGroup;
			children = (
				AE19F7241DF64FEB00A5A113 /* Base */,
			);
			name = Main.storyboard;
			sourceTree = "<group>";
		};
		AE19F7281DF64FEB00A5A113 /* LaunchScreen.storyboard */ = {
			isa = PBXVariantGroup;
			children = (
				AE19F7291DF64FEB00A5A113 /* Base */,
			);
			name = LaunchScreen.storyboard;
			sourceTree = "<group>";
		};
/* End PBXVariantGroup section */

/* Begin XCBuildConfiguration section */
		AE19F7421DF64FEB00A5A113 /* Debug */ = {
			isa = XCBuildConfiguration;
			buildSettings = {
				ALWAYS_SEARCH_USER_PATHS = NO;
				CLANG_ANALYZER_NONNULL = YES;
				CLANG_CXX_LANGUAGE_STANDARD = "gnu++0x";
				CLANG_CXX_LIBRARY = "libc++";
				CLANG_ENABLE_MODULES = YES;
				CLANG_ENABLE_OBJC_ARC = YES;
				CLANG_WARN_BOOL_CONVERSION = YES;
				CLANG_WARN_CONSTANT_CONVERSION = YES;
				CLANG_WARN_DIRECT_OBJC_ISA_USAGE = YES_ERROR;
				CLANG_WARN_DOCUMENTATION_COMMENTS = YES;
				CLANG_WARN_EMPTY_BODY = YES;
				CLANG_WARN_ENUM_CONVERSION = YES;
				CLANG_WARN_INFINITE_RECURSION = YES;
				CLANG_WARN_INT_CONVERSION = YES;
				CLANG_WARN_OBJC_ROOT_CLASS = YES_ERROR;
				CLANG_WARN_SUSPICIOUS_MOVES = YES;
				CLANG_WARN_UNREACHABLE_CODE = YES;
				CLANG_WARN__DUPLICATE_METHOD_MATCH = YES;
				"CODE_SIGN_IDENTITY[sdk=iphoneos*]" = "iPhone Developer";
				COPY_PHASE_STRIP = NO;
				DEBUG_INFORMATION_FORMAT = dwarf;
				ENABLE_STRICT_OBJC_MSGSEND = YES;
				ENABLE_TESTABILITY = YES;
				GCC_C_LANGUAGE_STANDARD = gnu99;
				GCC_DYNAMIC_NO_PIC = NO;
				GCC_NO_COMMON_BLOCKS = YES;
				GCC_OPTIMIZATION_LEVEL = 0;
				GCC_PREPROCESSOR_DEFINITIONS = (
					"DEBUG=1",
					"$(inherited)",
				);
				GCC_WARN_64_TO_32_BIT_CONVERSION = YES;
				GCC_WARN_ABOUT_RETURN_TYPE = YES_ERROR;
				GCC_WARN_UNDECLARED_SELECTOR = YES;
				GCC_WARN_UNINITIALIZED_AUTOS = YES_AGGRESSIVE;
				GCC_WARN_UNUSED_FUNCTION = YES;
				GCC_WARN_UNUSED_VARIABLE = YES;
				IPHONEOS_DEPLOYMENT_TARGET = 10.1;
				MTL_ENABLE_DEBUG_INFO = YES;
				ONLY_ACTIVE_ARCH = YES;
				SDKROOT = iphoneos;
				TARGETED_DEVICE_FAMILY = "1,2";
			};
			name = Debug;
		};
		AE19F7431DF64FEB00A5A113 /* Release */ = {
			isa = XCBuildConfiguration;
			buildSettings = {
				ALWAYS_SEARCH_USER_PATHS = NO;
				CLANG_ANALYZER_NONNULL = YES;
				CLANG_CXX_LANGUAGE_STANDARD = "gnu++0x";
				CLANG_CXX_LIBRARY = "libc++";
				CLANG_ENABLE_MODULES = YES;
				CLANG_ENABLE_OBJC_ARC = YES;
				CLANG_WARN_BOOL_CONVERSION = YES;
				CLANG_WARN_CONSTANT_CONVERSION = YES;
				CLANG_WARN_DIRECT_OBJC_ISA_USAGE = YES_ERROR;
				CLANG_WARN_DOCUMENTATION_COMMENTS = YES;
				CLANG_WARN_EMPTY_BODY = YES;
				CLANG_WARN_ENUM_CONVERSION = YES;
				CLANG_WARN_INFINITE_RECURSION = YES;
				CLANG_WARN_INT_CONVERSION = YES;
				CLANG_WARN_OBJC_ROOT_CLASS = YES_ERROR;
				CLANG_WARN_SUSPICIOUS_MOVES = YES;
				CLANG_WARN_UNREACHABLE_CODE = YES;
				CLANG_WARN__DUPLICATE_METHOD_MATCH = YES;
				"CODE_SIGN_IDENTITY[sdk=iphoneos*]" = "iPhone Developer";
				COPY_PHASE_STRIP = NO;
				DEBUG_INFORMATION_FORMAT = "dwarf-with-dsym";
				ENABLE_NS_ASSERTIONS = NO;
				ENABLE_STRICT_OBJC_MSGSEND = YES;
				GCC_C_LANGUAGE_STANDARD = gnu99;
				GCC_NO_COMMON_BLOCKS = YES;
				GCC_WARN_64_TO_32_BIT_CONVERSION = YES;
				GCC_WARN_ABOUT_RETURN_TYPE = YES_ERROR;
				GCC_WARN_UNDECLARED_SELECTOR = YES;
				GCC_WARN_UNINITIALIZED_AUTOS = YES_AGGRESSIVE;
				GCC_WARN_UNUSED_FUNCTION = YES;
				GCC_WARN_UNUSED_VARIABLE = YES;
				IPHONEOS_DEPLOYMENT_TARGET = 10.1;
				MTL_ENABLE_DEBUG_INFO = NO;
				SDKROOT = iphoneos;
				TARGETED_DEVICE_FAMILY = "1,2";
				VALIDATE_PRODUCT = YES;
			};
			name = Release;
		};
		AE19F7451DF64FEB00A5A113 /* Debug */ = {
			isa = XCBuildConfiguration;
			buildSettings = {
				ASSETCATALOG_COMPILER_APPICON_NAME = AppIcon;
				DEVELOPMENT_TEAM = AWA9R9FXT6;
				INFOPLIST_FILE = "GCD深入理解/Info.plist";
				LD_RUNPATH_SEARCH_PATHS = "$(inherited) @executable_path/Frameworks";
				PRODUCT_BUNDLE_IDENTIFIER = "www.fangchuang.com.GCD----";
				PRODUCT_NAME = "$(TARGET_NAME)";
			};
			name = Debug;
		};
		AE19F7461DF64FEB00A5A113 /* Release */ = {
			isa = XCBuildConfiguration;
			buildSettings = {
				ASSETCATALOG_COMPILER_APPICON_NAME = AppIcon;
				DEVELOPMENT_TEAM = AWA9R9FXT6;
				INFOPLIST_FILE = "GCD深入理解/Info.plist";
				LD_RUNPATH_SEARCH_PATHS = "$(inherited) @executable_path/Frameworks";
				PRODUCT_BUNDLE_IDENTIFIER = "www.fangchuang.com.GCD----";
				PRODUCT_NAME = "$(TARGET_NAME)";
			};
			name = Release;
		};
		AE19F7481DF64FEB00A5A113 /* Debug */ = {
			isa = XCBuildConfiguration;
			buildSettings = {
				BUNDLE_LOADER = "$(TEST_HOST)";
				DEVELOPMENT_TEAM = AWA9R9FXT6;
				INFOPLIST_FILE = "GCD深入理解Tests/Info.plist";
				LD_RUNPATH_SEARCH_PATHS = "$(inherited) @executable_path/Frameworks @loader_path/Frameworks";
				PRODUCT_BUNDLE_IDENTIFIER = "www.fangchuang.com.GCD----Tests";
				PRODUCT_NAME = "$(TARGET_NAME)";
				TEST_HOST = "$(BUILT_PRODUCTS_DIR)/GCD深入理解.app/GCD深入理解";
			};
			name = Debug;
		};
		AE19F7491DF64FEB00A5A113 /* Release */ = {
			isa = XCBuildConfiguration;
			buildSettings = {
				BUNDLE_LOADER = "$(TEST_HOST)";
				DEVELOPMENT_TEAM = AWA9R9FXT6;
				INFOPLIST_FILE = "GCD深入理解Tests/Info.plist";
				LD_RUNPATH_SEARCH_PATHS = "$(inherited) @executable_path/Frameworks @loader_path/Frameworks";
				PRODUCT_BUNDLE_IDENTIFIER = "www.fangchuang.com.GCD----Tests";
				PRODUCT_NAME = "$(TARGET_NAME)";
				TEST_HOST = "$(BUILT_PRODUCTS_DIR)/GCD深入理解.app/GCD深入理解";
			};
			name = Release;
		};
		AE19F74B1DF64FEB00A5A113 /* Debug */ = {
			isa = XCBuildConfiguration;
			buildSettings = {
				DEVELOPMENT_TEAM = AWA9R9FXT6;
				INFOPLIST_FILE = "GCD深入理解UITests/Info.plist";
				LD_RUNPATH_SEARCH_PATHS = "$(inherited) @executable_path/Frameworks @loader_path/Frameworks";
				PRODUCT_BUNDLE_IDENTIFIER = "www.fangchuang.com.GCD----UITests";
				PRODUCT_NAME = "$(TARGET_NAME)";
				TEST_TARGET_NAME = "GCD深入理解";
			};
			name = Debug;
		};
		AE19F74C1DF64FEB00A5A113 /* Release */ = {
			isa = XCBuildConfiguration;
			buildSettings = {
				DEVELOPMENT_TEAM = AWA9R9FXT6;
				INFOPLIST_FILE = "GCD深入理解UITests/Info.plist";
				LD_RUNPATH_SEARCH_PATHS = "$(inherited) @executable_path/Frameworks @loader_path/Frameworks";
				PRODUCT_BUNDLE_IDENTIFIER = "www.fangchuang.com.GCD----UITests";
				PRODUCT_NAME = "$(TARGET_NAME)";
				TEST_TARGET_NAME = "GCD深入理解";
			};
			name = Release;
		};
/* End XCBuildConfiguration section */

/* Begin XCConfigurationList section */
		AE19F7121DF64FEB00A5A113 /* Build configuration list for PBXProject "GCD深入理解" */ = {
			isa = XCConfigurationList;
			buildConfigurations = (
				AE19F7421DF64FEB00A5A113 /* Debug */,
				AE19F7431DF64FEB00A5A113 /* Release */,
			);
			defaultConfigurationIsVisible = 0;
			defaultConfigurationName = Release;
		};
		AE19F7441DF64FEB00A5A113 /* Build configuration list for PBXNativeTarget "GCD深入理解" */ = {
			isa = XCConfigurationList;
			buildConfigurations = (
				AE19F7451DF64FEB00A5A113 /* Debug */,
				AE19F7461DF64FEB00A5A113 /* Release */,
			);
			defaultConfigurationIsVisible = 0;
		};
		AE19F7471DF64FEB00A5A113 /* Build configuration list for PBXNativeTarget "GCD深入理解Tests" */ = {
			isa = XCConfigurationList;
			buildConfigurations = (
				AE19F7481DF64FEB00A5A113 /* Debug */,
				AE19F7491DF64FEB00A5A113 /* Release */,
			);
			defaultConfigurationIsVisible = 0;
		};
		AE19F74A1DF64FEB00A5A113 /* Build configuration list for PBXNativeTarget "GCD深入理解UITests" */ = {
			isa = XCConfigurationList;
			buildConfigurations = (
				AE19F74B1DF64FEB00A5A113 /* Debug */,
				AE19F74C1DF64FEB00A5A113 /* Release */,
			);
			defaultConfigurationIsVisible = 0;
		};
/* End XCConfigurationList section */
	};
	rootObject = AE19F70F1DF64FEB00A5A113 /* Project object */;
}
